# THIS IS AN AUTOGENERATED FILE. DO NOT EDIT THIS FILE DIRECTLY.
# yarn lockfile v1


"@types/lodash@^4.14.119":
  version "4.14.119"
  resolved "https://registry.yarnpkg.com/@types/lodash/-/lodash-4.14.119.tgz#be847e5f4bc3e35e46d041c394ead8b603ad8b39"

preact@^8.3.1:
  version "8.3.1"
  resolved "https://registry.yarnpkg.com/preact/-/preact-8.3.1.tgz#ed34f79d09edc5efd32a378a3416ef5dc531e3ac"
